
Microsoft Visual Studio Solution File, Format Version 12.00
# Visual Studio 2012
Project("{FAE04EC0-301F-11D3-BF4B-00C04F79EFBC}") = "JsonView", "Json\JsonView\JsonView.csproj", "{83D82889-66FA-41AC-932F-9AF3AE8EAA9C}"
EndProject
Project("{FAE04EC0-301F-11D3-BF4B-00C04F79EFBC}") = "JsonViewer", "Json\JsonViewer\JsonViewer.csproj", "{3AE264FB-52DC-4295-A37F-CE63CAF54930}"
EndProject
Project("{FAE04EC0-301F-11D3-BF4B-00C04F79EFBC}") = "Common", "Common\Common.csproj", "{910BCC30-5ACA-4B1D-A4C9-848C62F042B9}"
EndProject
Project("{FAE04EC0-301F-11D3-BF4B-00C04F79EFBC}") = "FileFinder", "FileFinder\FileFinder.csproj", "{92D6E490-04A8-49A5-9394-F7C6BE7DACE9}"
EndProject
Project("{FAE04EC0-301F-11D3-BF4B-00C04F79EFBC}") = "RecuDelete", "RecuDelete\RecuDelete.csproj", "{4040248B-4DDB-4DFA-B369-869A3985A83D}"
EndProject
Project("{FAE04EC0-301F-11D3-BF4B-00C04F79EFBC}") = "ToClipboard", "ToClipboard\ToClipboard.csproj", "{5C558602-1AA8-47D2-8C49-688BA9E2FFBA}"
EndProject
Project("{FAE04EC0-301F-11D3-BF4B-00C04F79EFBC}") = "SCide-2.6", "SCide-2.6\SCide-2.6.csproj", "{B46ECD31-2427-4CA9-96EE-22168BE30532}"
EndProject
Project("{FAE04EC0-301F-11D3-BF4B-00C04F79EFBC}") = "ScintillaNET-2.6", "ScintillaNET-2.6\ScintillaNET-2.6.csproj", "{F9B6DABD-BBC1-4638-8CE6-A5C9506BFDCB}"
EndProject
Project("{FAE04EC0-301F-11D3-BF4B-00C04F79EFBC}") = "QuickManager", "QuickManager\QuickManager.csproj", "{7EC4CF72-CC79-4C38-8D51-9B2967FE0224}"
EndProject
Project("{FAE04EC0-301F-11D3-BF4B-00C04F79EFBC}") = "OutputViewer", "OutputViewer\OutputViewer.csproj", "{12A55664-FFDF-47CE-97BF-9154124B5457}"
EndProject
Project("{FAE04EC0-301F-11D3-BF4B-00C04F79EFBC}") = "Console", "Console\Console.csproj", "{CADB01DA-C6D3-4439-9AE2-5BDE8E0F0218}"
EndProject
Project("{FAE04EC0-301F-11D3-BF4B-00C04F79EFBC}") = "DiskCatalog", "DiskCatalog\DiskCatalog.csproj", "{5D1006A0-88F0-46AC-AA1B-D3102A4C3F24}"
EndProject
Project("{FAE04EC0-301F-11D3-BF4B-00C04F79EFBC}") = "BatteryMeter", "BatteryMeter\BatteryMeter.csproj", "{02E3C387-027B-4449-A990-44A4C50008E1}"
EndProject
Project("{FAE04EC0-301F-11D3-BF4B-00C04F79EFBC}") = "ScratchPad", "ScratchPad\ScratchPad.csproj", "{0C633712-00C7-4AF2-B32F-4890387319C0}"
EndProject
Project("{FAE04EC0-301F-11D3-BF4B-00C04F79EFBC}") = "MoveToDateSubdirs", "MoveToDateSubdirs\MoveToDateSubdirs.csproj", "{A1D75891-C20F-46A8-91CD-815C774CB300}"
EndProject
Global
	GlobalSection(SolutionConfigurationPlatforms) = preSolution
		Debug|Any CPU = Debug|Any CPU
		Net35 Debug|Any CPU = Net35 Debug|Any CPU
		Net35|Any CPU = Net35|Any CPU
		Net40 Debug|Any CPU = Net40 Debug|Any CPU
		Net40|Any CPU = Net40|Any CPU
		Net45 Debug|Any CPU = Net45 Debug|Any CPU
		Net45|Any CPU = Net45|Any CPU
		Net451 Debug|Any CPU = Net451 Debug|Any CPU
		Net451|Any CPU = Net451|Any CPU
		Release|Any CPU = Release|Any CPU
	EndGlobalSection
	GlobalSection(ProjectConfigurationPlatforms) = postSolution
		{83D82889-66FA-41AC-932F-9AF3AE8EAA9C}.Debug|Any CPU.ActiveCfg = Debug|Any CPU
		{83D82889-66FA-41AC-932F-9AF3AE8EAA9C}.Debug|Any CPU.Build.0 = Debug|Any CPU
		{83D82889-66FA-41AC-932F-9AF3AE8EAA9C}.Net35 Debug|Any CPU.ActiveCfg = Debug|Any CPU
		{83D82889-66FA-41AC-932F-9AF3AE8EAA9C}.Net35 Debug|Any CPU.Build.0 = Debug|Any CPU
		{83D82889-66FA-41AC-932F-9AF3AE8EAA9C}.Net35|Any CPU.ActiveCfg = Release|Any CPU
		{83D82889-66FA-41AC-932F-9AF3AE8EAA9C}.Net35|Any CPU.Build.0 = Release|Any CPU
		{83D82889-66FA-41AC-932F-9AF3AE8EAA9C}.Net40 Debug|Any CPU.ActiveCfg = Debug|Any CPU
		{83D82889-66FA-41AC-932F-9AF3AE8EAA9C}.Net40 Debug|Any CPU.Build.0 = Debug|Any CPU
		{83D82889-66FA-41AC-932F-9AF3AE8EAA9C}.Net40|Any CPU.ActiveCfg = Release|Any CPU
		{83D82889-66FA-41AC-932F-9AF3AE8EAA9C}.Net40|Any CPU.Build.0 = Release|Any CPU
		{83D82889-66FA-41AC-932F-9AF3AE8EAA9C}.Net45 Debug|Any CPU.ActiveCfg = Debug|Any CPU
		{83D82889-66FA-41AC-932F-9AF3AE8EAA9C}.Net45 Debug|Any CPU.Build.0 = Debug|Any CPU
		{83D82889-66FA-41AC-932F-9AF3AE8EAA9C}.Net45|Any CPU.ActiveCfg = Release|Any CPU
		{83D82889-66FA-41AC-932F-9AF3AE8EAA9C}.Net45|Any CPU.Build.0 = Release|Any CPU
		{83D82889-66FA-41AC-932F-9AF3AE8EAA9C}.Net451 Debug|Any CPU.ActiveCfg = Debug|Any CPU
		{83D82889-66FA-41AC-932F-9AF3AE8EAA9C}.Net451 Debug|Any CPU.Build.0 = Debug|Any CPU
		{83D82889-66FA-41AC-932F-9AF3AE8EAA9C}.Net451|Any CPU.ActiveCfg = Release|Any CPU
		{83D82889-66FA-41AC-932F-9AF3AE8EAA9C}.Net451|Any CPU.Build.0 = Release|Any CPU
		{83D82889-66FA-41AC-932F-9AF3AE8EAA9C}.Release|Any CPU.ActiveCfg = Release|Any CPU
		{83D82889-66FA-41AC-932F-9AF3AE8EAA9C}.Release|Any CPU.Build.0 = Release|Any CPU
		{3AE264FB-52DC-4295-A37F-CE63CAF54930}.Debug|Any CPU.ActiveCfg = Debug|Any CPU
		{3AE264FB-52DC-4295-A37F-CE63CAF54930}.Debug|Any CPU.Build.0 = Debug|Any CPU
		{3AE264FB-52DC-4295-A37F-CE63CAF54930}.Net35 Debug|Any CPU.ActiveCfg = Debug|Any CPU
		{3AE264FB-52DC-4295-A37F-CE63CAF54930}.Net35 Debug|Any CPU.Build.0 = Debug|Any CPU
		{3AE264FB-52DC-4295-A37F-CE63CAF54930}.Net35|Any CPU.ActiveCfg = Release|Any CPU
		{3AE264FB-52DC-4295-A37F-CE63CAF54930}.Net35|Any CPU.Build.0 = Release|Any CPU
		{3AE264FB-52DC-4295-A37F-CE63CAF54930}.Net40 Debug|Any CPU.ActiveCfg = Debug|Any CPU
		{3AE264FB-52DC-4295-A37F-CE63CAF54930}.Net40 Debug|Any CPU.Build.0 = Debug|Any CPU
		{3AE264FB-52DC-4295-A37F-CE63CAF54930}.Net40|Any CPU.ActiveCfg = Release|Any CPU
		{3AE264FB-52DC-4295-A37F-CE63CAF54930}.Net40|Any CPU.Build.0 = Release|Any CPU
		{3AE264FB-52DC-4295-A37F-CE63CAF54930}.Net45 Debug|Any CPU.ActiveCfg = Debug|Any CPU
		{3AE264FB-52DC-4295-A37F-CE63CAF54930}.Net45 Debug|Any CPU.Build.0 = Debug|Any CPU
		{3AE264FB-52DC-4295-A37F-CE63CAF54930}.Net45|Any CPU.ActiveCfg = Release|Any CPU
		{3AE264FB-52DC-4295-A37F-CE63CAF54930}.Net45|Any CPU.Build.0 = Release|Any CPU
		{3AE264FB-52DC-4295-A37F-CE63CAF54930}.Net451 Debug|Any CPU.ActiveCfg = Debug|Any CPU
		{3AE264FB-52DC-4295-A37F-CE63CAF54930}.Net451 Debug|Any CPU.Build.0 = Debug|Any CPU
		{3AE264FB-52DC-4295-A37F-CE63CAF54930}.Net451|Any CPU.ActiveCfg = Release|Any CPU
		{3AE264FB-52DC-4295-A37F-CE63CAF54930}.Net451|Any CPU.Build.0 = Release|Any CPU
		{3AE264FB-52DC-4295-A37F-CE63CAF54930}.Release|Any CPU.ActiveCfg = Release|Any CPU
		{3AE264FB-52DC-4295-A37F-CE63CAF54930}.Release|Any CPU.Build.0 = Release|Any CPU
		{910BCC30-5ACA-4B1D-A4C9-848C62F042B9}.Debug|Any CPU.ActiveCfg = Debug|Any CPU
		{910BCC30-5ACA-4B1D-A4C9-848C62F042B9}.Debug|Any CPU.Build.0 = Debug|Any CPU
		{910BCC30-5ACA-4B1D-A4C9-848C62F042B9}.Net35 Debug|Any CPU.ActiveCfg = Debug|Any CPU
		{910BCC30-5ACA-4B1D-A4C9-848C62F042B9}.Net35 Debug|Any CPU.Build.0 = Debug|Any CPU
		{910BCC30-5ACA-4B1D-A4C9-848C62F042B9}.Net35|Any CPU.ActiveCfg = Release|Any CPU
		{910BCC30-5ACA-4B1D-A4C9-848C62F042B9}.Net35|Any CPU.Build.0 = Release|Any CPU
		{910BCC30-5ACA-4B1D-A4C9-848C62F042B9}.Net40 Debug|Any CPU.ActiveCfg = Debug|Any CPU
		{910BCC30-5ACA-4B1D-A4C9-848C62F042B9}.Net40 Debug|Any CPU.Build.0 = Debug|Any CPU
		{910BCC30-5ACA-4B1D-A4C9-848C62F042B9}.Net40|Any CPU.ActiveCfg = Release|Any CPU
		{910BCC30-5ACA-4B1D-A4C9-848C62F042B9}.Net40|Any CPU.Build.0 = Release|Any CPU
		{910BCC30-5ACA-4B1D-A4C9-848C62F042B9}.Net45 Debug|Any CPU.ActiveCfg = Debug|Any CPU
		{910BCC30-5ACA-4B1D-A4C9-848C62F042B9}.Net45 Debug|Any CPU.Build.0 = Debug|Any CPU
		{910BCC30-5ACA-4B1D-A4C9-848C62F042B9}.Net45|Any CPU.ActiveCfg = Release|Any CPU
		{910BCC30-5ACA-4B1D-A4C9-848C62F042B9}.Net45|Any CPU.Build.0 = Release|Any CPU
		{910BCC30-5ACA-4B1D-A4C9-848C62F042B9}.Net451 Debug|Any CPU.ActiveCfg = Debug|Any CPU
		{910BCC30-5ACA-4B1D-A4C9-848C62F042B9}.Net451 Debug|Any CPU.Build.0 = Debug|Any CPU
		{910BCC30-5ACA-4B1D-A4C9-848C62F042B9}.Net451|Any CPU.ActiveCfg = Release|Any CPU
		{910BCC30-5ACA-4B1D-A4C9-848C62F042B9}.Net451|Any CPU.Build.0 = Release|Any CPU
		{910BCC30-5ACA-4B1D-A4C9-848C62F042B9}.Release|Any CPU.ActiveCfg = Release|Any CPU
		{910BCC30-5ACA-4B1D-A4C9-848C62F042B9}.Release|Any CPU.Build.0 = Release|Any CPU
		{92D6E490-04A8-49A5-9394-F7C6BE7DACE9}.Debug|Any CPU.ActiveCfg = Debug|Any CPU
		{92D6E490-04A8-49A5-9394-F7C6BE7DACE9}.Debug|Any CPU.Build.0 = Debug|Any CPU
		{92D6E490-04A8-49A5-9394-F7C6BE7DACE9}.Net35 Debug|Any CPU.ActiveCfg = Debug|Any CPU
		{92D6E490-04A8-49A5-9394-F7C6BE7DACE9}.Net35 Debug|Any CPU.Build.0 = Debug|Any CPU
		{92D6E490-04A8-49A5-9394-F7C6BE7DACE9}.Net35|Any CPU.ActiveCfg = Release|Any CPU
		{92D6E490-04A8-49A5-9394-F7C6BE7DACE9}.Net35|Any CPU.Build.0 = Release|Any CPU
		{92D6E490-04A8-49A5-9394-F7C6BE7DACE9}.Net40 Debug|Any CPU.ActiveCfg = Debug|Any CPU
		{92D6E490-04A8-49A5-9394-F7C6BE7DACE9}.Net40 Debug|Any CPU.Build.0 = Debug|Any CPU
		{92D6E490-04A8-49A5-9394-F7C6BE7DACE9}.Net40|Any CPU.ActiveCfg = Release|Any CPU
		{92D6E490-04A8-49A5-9394-F7C6BE7DACE9}.Net40|Any CPU.Build.0 = Release|Any CPU
		{92D6E490-04A8-49A5-9394-F7C6BE7DACE9}.Net45 Debug|Any CPU.ActiveCfg = Debug|Any CPU
		{92D6E490-04A8-49A5-9394-F7C6BE7DACE9}.Net45 Debug|Any CPU.Build.0 = Debug|Any CPU
		{92D6E490-04A8-49A5-9394-F7C6BE7DACE9}.Net45|Any CPU.ActiveCfg = Release|Any CPU
		{92D6E490-04A8-49A5-9394-F7C6BE7DACE9}.Net45|Any CPU.Build.0 = Release|Any CPU
		{92D6E490-04A8-49A5-9394-F7C6BE7DACE9}.Net451 Debug|Any CPU.ActiveCfg = Debug|Any CPU
		{92D6E490-04A8-49A5-9394-F7C6BE7DACE9}.Net451 Debug|Any CPU.Build.0 = Debug|Any CPU
		{92D6E490-04A8-49A5-9394-F7C6BE7DACE9}.Net451|Any CPU.ActiveCfg = Release|Any CPU
		{92D6E490-04A8-49A5-9394-F7C6BE7DACE9}.Net451|Any CPU.Build.0 = Release|Any CPU
		{92D6E490-04A8-49A5-9394-F7C6BE7DACE9}.Release|Any CPU.ActiveCfg = Release|Any CPU
		{92D6E490-04A8-49A5-9394-F7C6BE7DACE9}.Release|Any CPU.Build.0 = Release|Any CPU
		{4040248B-4DDB-4DFA-B369-869A3985A83D}.Debug|Any CPU.ActiveCfg = Debug|Any CPU
		{4040248B-4DDB-4DFA-B369-869A3985A83D}.Debug|Any CPU.Build.0 = Debug|Any CPU
		{4040248B-4DDB-4DFA-B369-869A3985A83D}.Net35 Debug|Any CPU.ActiveCfg = Debug|Any CPU
		{4040248B-4DDB-4DFA-B369-869A3985A83D}.Net35 Debug|Any CPU.Build.0 = Debug|Any CPU
		{4040248B-4DDB-4DFA-B369-869A3985A83D}.Net35|Any CPU.ActiveCfg = Release|Any CPU
		{4040248B-4DDB-4DFA-B369-869A3985A83D}.Net35|Any CPU.Build.0 = Release|Any CPU
		{4040248B-4DDB-4DFA-B369-869A3985A83D}.Net40 Debug|Any CPU.ActiveCfg = Debug|Any CPU
		{4040248B-4DDB-4DFA-B369-869A3985A83D}.Net40 Debug|Any CPU.Build.0 = Debug|Any CPU
		{4040248B-4DDB-4DFA-B369-869A3985A83D}.Net40|Any CPU.ActiveCfg = Release|Any CPU
		{4040248B-4DDB-4DFA-B369-869A3985A83D}.Net40|Any CPU.Build.0 = Release|Any CPU
		{4040248B-4DDB-4DFA-B369-869A3985A83D}.Net45 Debug|Any CPU.ActiveCfg = Debug|Any CPU
		{4040248B-4DDB-4DFA-B369-869A3985A83D}.Net45 Debug|Any CPU.Build.0 = Debug|Any CPU
		{4040248B-4DDB-4DFA-B369-869A3985A83D}.Net45|Any CPU.ActiveCfg = Release|Any CPU
		{4040248B-4DDB-4DFA-B369-869A3985A83D}.Net45|Any CPU.Build.0 = Release|Any CPU
		{4040248B-4DDB-4DFA-B369-869A3985A83D}.Net451 Debug|Any CPU.ActiveCfg = Debug|Any CPU
		{4040248B-4DDB-4DFA-B369-869A3985A83D}.Net451 Debug|Any CPU.Build.0 = Debug|Any CPU
		{4040248B-4DDB-4DFA-B369-869A3985A83D}.Net451|Any CPU.ActiveCfg = Release|Any CPU
		{4040248B-4DDB-4DFA-B369-869A3985A83D}.Net451|Any CPU.Build.0 = Release|Any CPU
		{4040248B-4DDB-4DFA-B369-869A3985A83D}.Release|Any CPU.ActiveCfg = Release|Any CPU
		{4040248B-4DDB-4DFA-B369-869A3985A83D}.Release|Any CPU.Build.0 = Release|Any CPU
		{5C558602-1AA8-47D2-8C49-688BA9E2FFBA}.Debug|Any CPU.ActiveCfg = Debug|Any CPU
		{5C558602-1AA8-47D2-8C49-688BA9E2FFBA}.Debug|Any CPU.Build.0 = Debug|Any CPU
		{5C558602-1AA8-47D2-8C49-688BA9E2FFBA}.Net35 Debug|Any CPU.ActiveCfg = Debug|Any CPU
		{5C558602-1AA8-47D2-8C49-688BA9E2FFBA}.Net35 Debug|Any CPU.Build.0 = Debug|Any CPU
		{5C558602-1AA8-47D2-8C49-688BA9E2FFBA}.Net35|Any CPU.ActiveCfg = Release|Any CPU
		{5C558602-1AA8-47D2-8C49-688BA9E2FFBA}.Net35|Any CPU.Build.0 = Release|Any CPU
		{5C558602-1AA8-47D2-8C49-688BA9E2FFBA}.Net40 Debug|Any CPU.ActiveCfg = Debug|Any CPU
		{5C558602-1AA8-47D2-8C49-688BA9E2FFBA}.Net40 Debug|Any CPU.Build.0 = Debug|Any CPU
		{5C558602-1AA8-47D2-8C49-688BA9E2FFBA}.Net40|Any CPU.ActiveCfg = Release|Any CPU
		{5C558602-1AA8-47D2-8C49-688BA9E2FFBA}.Net40|Any CPU.Build.0 = Release|Any CPU
		{5C558602-1AA8-47D2-8C49-688BA9E2FFBA}.Net45 Debug|Any CPU.ActiveCfg = Debug|Any CPU
		{5C558602-1AA8-47D2-8C49-688BA9E2FFBA}.Net45 Debug|Any CPU.Build.0 = Debug|Any CPU
		{5C558602-1AA8-47D2-8C49-688BA9E2FFBA}.Net45|Any CPU.ActiveCfg = Release|Any CPU
		{5C558602-1AA8-47D2-8C49-688BA9E2FFBA}.Net45|Any CPU.Build.0 = Release|Any CPU
		{5C558602-1AA8-47D2-8C49-688BA9E2FFBA}.Net451 Debug|Any CPU.ActiveCfg = Debug|Any CPU
		{5C558602-1AA8-47D2-8C49-688BA9E2FFBA}.Net451 Debug|Any CPU.Build.0 = Debug|Any CPU
		{5C558602-1AA8-47D2-8C49-688BA9E2FFBA}.Net451|Any CPU.ActiveCfg = Release|Any CPU
		{5C558602-1AA8-47D2-8C49-688BA9E2FFBA}.Net451|Any CPU.Build.0 = Release|Any CPU
		{5C558602-1AA8-47D2-8C49-688BA9E2FFBA}.Release|Any CPU.ActiveCfg = Release|Any CPU
		{5C558602-1AA8-47D2-8C49-688BA9E2FFBA}.Release|Any CPU.Build.0 = Release|Any CPU
		{B46ECD31-2427-4CA9-96EE-22168BE30532}.Debug|Any CPU.ActiveCfg = Debug|Any CPU
		{B46ECD31-2427-4CA9-96EE-22168BE30532}.Debug|Any CPU.Build.0 = Debug|Any CPU
		{B46ECD31-2427-4CA9-96EE-22168BE30532}.Net35 Debug|Any CPU.ActiveCfg = Debug|Any CPU
		{B46ECD31-2427-4CA9-96EE-22168BE30532}.Net35 Debug|Any CPU.Build.0 = Debug|Any CPU
		{B46ECD31-2427-4CA9-96EE-22168BE30532}.Net35|Any CPU.ActiveCfg = Release|Any CPU
		{B46ECD31-2427-4CA9-96EE-22168BE30532}.Net35|Any CPU.Build.0 = Release|Any CPU
		{B46ECD31-2427-4CA9-96EE-22168BE30532}.Net40 Debug|Any CPU.ActiveCfg = Debug|Any CPU
		{B46ECD31-2427-4CA9-96EE-22168BE30532}.Net40 Debug|Any CPU.Build.0 = Debug|Any CPU
		{B46ECD31-2427-4CA9-96EE-22168BE30532}.Net40|Any CPU.ActiveCfg = Release|Any CPU
		{B46ECD31-2427-4CA9-96EE-22168BE30532}.Net40|Any CPU.Build.0 = Release|Any CPU
		{B46ECD31-2427-4CA9-96EE-22168BE30532}.Net45 Debug|Any CPU.ActiveCfg = Debug|Any CPU
		{B46ECD31-2427-4CA9-96EE-22168BE30532}.Net45 Debug|Any CPU.Build.0 = Debug|Any CPU
		{B46ECD31-2427-4CA9-96EE-22168BE30532}.Net45|Any CPU.ActiveCfg = Release|Any CPU
		{B46ECD31-2427-4CA9-96EE-22168BE30532}.Net45|Any CPU.Build.0 = Release|Any CPU
		{B46ECD31-2427-4CA9-96EE-22168BE30532}.Net451 Debug|Any CPU.ActiveCfg = Debug|Any CPU
		{B46ECD31-2427-4CA9-96EE-22168BE30532}.Net451 Debug|Any CPU.Build.0 = Debug|Any CPU
		{B46ECD31-2427-4CA9-96EE-22168BE30532}.Net451|Any CPU.ActiveCfg = Release|Any CPU
		{B46ECD31-2427-4CA9-96EE-22168BE30532}.Net451|Any CPU.Build.0 = Release|Any CPU
		{B46ECD31-2427-4CA9-96EE-22168BE30532}.Release|Any CPU.ActiveCfg = Release|Any CPU
		{B46ECD31-2427-4CA9-96EE-22168BE30532}.Release|Any CPU.Build.0 = Release|Any CPU
		{F9B6DABD-BBC1-4638-8CE6-A5C9506BFDCB}.Debug|Any CPU.ActiveCfg = Debug|Any CPU
		{F9B6DABD-BBC1-4638-8CE6-A5C9506BFDCB}.Debug|Any CPU.Build.0 = Debug|Any CPU
		{F9B6DABD-BBC1-4638-8CE6-A5C9506BFDCB}.Net35 Debug|Any CPU.ActiveCfg = Debug|Any CPU
		{F9B6DABD-BBC1-4638-8CE6-A5C9506BFDCB}.Net35 Debug|Any CPU.Build.0 = Debug|Any CPU
		{F9B6DABD-BBC1-4638-8CE6-A5C9506BFDCB}.Net35|Any CPU.ActiveCfg = Release|Any CPU
		{F9B6DABD-BBC1-4638-8CE6-A5C9506BFDCB}.Net35|Any CPU.Build.0 = Release|Any CPU
		{F9B6DABD-BBC1-4638-8CE6-A5C9506BFDCB}.Net40 Debug|Any CPU.ActiveCfg = Debug|Any CPU
		{F9B6DABD-BBC1-4638-8CE6-A5C9506BFDCB}.Net40 Debug|Any CPU.Build.0 = Debug|Any CPU
		{F9B6DABD-BBC1-4638-8CE6-A5C9506BFDCB}.Net40|Any CPU.ActiveCfg = Release|Any CPU
		{F9B6DABD-BBC1-4638-8CE6-A5C9506BFDCB}.Net40|Any CPU.Build.0 = Release|Any CPU
		{F9B6DABD-BBC1-4638-8CE6-A5C9506BFDCB}.Net45 Debug|Any CPU.ActiveCfg = Debug|Any CPU
		{F9B6DABD-BBC1-4638-8CE6-A5C9506BFDCB}.Net45 Debug|Any CPU.Build.0 = Debug|Any CPU
		{F9B6DABD-BBC1-4638-8CE6-A5C9506BFDCB}.Net45|Any CPU.ActiveCfg = Release|Any CPU
		{F9B6DABD-BBC1-4638-8CE6-A5C9506BFDCB}.Net45|Any CPU.Build.0 = Release|Any CPU
		{F9B6DABD-BBC1-4638-8CE6-A5C9506BFDCB}.Net451 Debug|Any CPU.ActiveCfg = Debug|Any CPU
		{F9B6DABD-BBC1-4638-8CE6-A5C9506BFDCB}.Net451 Debug|Any CPU.Build.0 = Debug|Any CPU
		{F9B6DABD-BBC1-4638-8CE6-A5C9506BFDCB}.Net451|Any CPU.ActiveCfg = Release|Any CPU
		{F9B6DABD-BBC1-4638-8CE6-A5C9506BFDCB}.Net451|Any CPU.Build.0 = Release|Any CPU
		{F9B6DABD-BBC1-4638-8CE6-A5C9506BFDCB}.Release|Any CPU.ActiveCfg = Release|Any CPU
		{F9B6DABD-BBC1-4638-8CE6-A5C9506BFDCB}.Release|Any CPU.Build.0 = Release|Any CPU
		{7EC4CF72-CC79-4C38-8D51-9B2967FE0224}.Debug|Any CPU.ActiveCfg = Debug|Any CPU
		{7EC4CF72-CC79-4C38-8D51-9B2967FE0224}.Debug|Any CPU.Build.0 = Debug|Any CPU
		{7EC4CF72-CC79-4C38-8D51-9B2967FE0224}.Net35 Debug|Any CPU.ActiveCfg = Debug|Any CPU
		{7EC4CF72-CC79-4C38-8D51-9B2967FE0224}.Net35 Debug|Any CPU.Build.0 = Debug|Any CPU
		{7EC4CF72-CC79-4C38-8D51-9B2967FE0224}.Net35|Any CPU.ActiveCfg = Release|Any CPU
		{7EC4CF72-CC79-4C38-8D51-9B2967FE0224}.Net35|Any CPU.Build.0 = Release|Any CPU
		{7EC4CF72-CC79-4C38-8D51-9B2967FE0224}.Net40 Debug|Any CPU.ActiveCfg = Debug|Any CPU
		{7EC4CF72-CC79-4C38-8D51-9B2967FE0224}.Net40 Debug|Any CPU.Build.0 = Debug|Any CPU
		{7EC4CF72-CC79-4C38-8D51-9B2967FE0224}.Net40|Any CPU.ActiveCfg = Release|Any CPU
		{7EC4CF72-CC79-4C38-8D51-9B2967FE0224}.Net40|Any CPU.Build.0 = Release|Any CPU
		{7EC4CF72-CC79-4C38-8D51-9B2967FE0224}.Net45 Debug|Any CPU.ActiveCfg = Debug|Any CPU
		{7EC4CF72-CC79-4C38-8D51-9B2967FE0224}.Net45 Debug|Any CPU.Build.0 = Debug|Any CPU
		{7EC4CF72-CC79-4C38-8D51-9B2967FE0224}.Net45|Any CPU.ActiveCfg = Release|Any CPU
		{7EC4CF72-CC79-4C38-8D51-9B2967FE0224}.Net45|Any CPU.Build.0 = Release|Any CPU
		{7EC4CF72-CC79-4C38-8D51-9B2967FE0224}.Net451 Debug|Any CPU.ActiveCfg = Debug|Any CPU
		{7EC4CF72-CC79-4C38-8D51-9B2967FE0224}.Net451 Debug|Any CPU.Build.0 = Debug|Any CPU
		{7EC4CF72-CC79-4C38-8D51-9B2967FE0224}.Net451|Any CPU.ActiveCfg = Release|Any CPU
		{7EC4CF72-CC79-4C38-8D51-9B2967FE0224}.Net451|Any CPU.Build.0 = Release|Any CPU
		{7EC4CF72-CC79-4C38-8D51-9B2967FE0224}.Release|Any CPU.ActiveCfg = Release|Any CPU
		{7EC4CF72-CC79-4C38-8D51-9B2967FE0224}.Release|Any CPU.Build.0 = Release|Any CPU
		{12A55664-FFDF-47CE-97BF-9154124B5457}.Debug|Any CPU.ActiveCfg = Debug|Any CPU
		{12A55664-FFDF-47CE-97BF-9154124B5457}.Debug|Any CPU.Build.0 = Debug|Any CPU
		{12A55664-FFDF-47CE-97BF-9154124B5457}.Net35 Debug|Any CPU.ActiveCfg = Debug|Any CPU
		{12A55664-FFDF-47CE-97BF-9154124B5457}.Net35 Debug|Any CPU.Build.0 = Debug|Any CPU
		{12A55664-FFDF-47CE-97BF-9154124B5457}.Net35|Any CPU.ActiveCfg = Release|Any CPU
		{12A55664-FFDF-47CE-97BF-9154124B5457}.Net35|Any CPU.Build.0 = Release|Any CPU
		{12A55664-FFDF-47CE-97BF-9154124B5457}.Net40 Debug|Any CPU.ActiveCfg = Debug|Any CPU
		{12A55664-FFDF-47CE-97BF-9154124B5457}.Net40 Debug|Any CPU.Build.0 = Debug|Any CPU
		{12A55664-FFDF-47CE-97BF-9154124B5457}.Net40|Any CPU.ActiveCfg = Release|Any CPU
		{12A55664-FFDF-47CE-97BF-9154124B5457}.Net40|Any CPU.Build.0 = Release|Any CPU
		{12A55664-FFDF-47CE-97BF-9154124B5457}.Net45 Debug|Any CPU.ActiveCfg = Debug|Any CPU
		{12A55664-FFDF-47CE-97BF-9154124B5457}.Net45 Debug|Any CPU.Build.0 = Debug|Any CPU
		{12A55664-FFDF-47CE-97BF-9154124B5457}.Net45|Any CPU.ActiveCfg = Release|Any CPU
		{12A55664-FFDF-47CE-97BF-9154124B5457}.Net45|Any CPU.Build.0 = Release|Any CPU
		{12A55664-FFDF-47CE-97BF-9154124B5457}.Net451 Debug|Any CPU.ActiveCfg = Debug|Any CPU
		{12A55664-FFDF-47CE-97BF-9154124B5457}.Net451 Debug|Any CPU.Build.0 = Debug|Any CPU
		{12A55664-FFDF-47CE-97BF-9154124B5457}.Net451|Any CPU.ActiveCfg = Release|Any CPU
		{12A55664-FFDF-47CE-97BF-9154124B5457}.Net451|Any CPU.Build.0 = Release|Any CPU
		{12A55664-FFDF-47CE-97BF-9154124B5457}.Release|Any CPU.ActiveCfg = Release|Any CPU
		{12A55664-FFDF-47CE-97BF-9154124B5457}.Release|Any CPU.Build.0 = Release|Any CPU
		{CADB01DA-C6D3-4439-9AE2-5BDE8E0F0218}.Debug|Any CPU.ActiveCfg = Debug|Any CPU
		{CADB01DA-C6D3-4439-9AE2-5BDE8E0F0218}.Debug|Any CPU.Build.0 = Debug|Any CPU
		{CADB01DA-C6D3-4439-9AE2-5BDE8E0F0218}.Net35 Debug|Any CPU.ActiveCfg = Debug|Any CPU
		{CADB01DA-C6D3-4439-9AE2-5BDE8E0F0218}.Net35 Debug|Any CPU.Build.0 = Debug|Any CPU
		{CADB01DA-C6D3-4439-9AE2-5BDE8E0F0218}.Net35|Any CPU.ActiveCfg = Release|Any CPU
		{CADB01DA-C6D3-4439-9AE2-5BDE8E0F0218}.Net35|Any CPU.Build.0 = Release|Any CPU
		{CADB01DA-C6D3-4439-9AE2-5BDE8E0F0218}.Net40 Debug|Any CPU.ActiveCfg = Debug|Any CPU
		{CADB01DA-C6D3-4439-9AE2-5BDE8E0F0218}.Net40 Debug|Any CPU.Build.0 = Debug|Any CPU
		{CADB01DA-C6D3-4439-9AE2-5BDE8E0F0218}.Net40|Any CPU.ActiveCfg = Release|Any CPU
		{CADB01DA-C6D3-4439-9AE2-5BDE8E0F0218}.Net40|Any CPU.Build.0 = Release|Any CPU
		{CADB01DA-C6D3-4439-9AE2-5BDE8E0F0218}.Net45 Debug|Any CPU.ActiveCfg = Debug|Any CPU
		{CADB01DA-C6D3-4439-9AE2-5BDE8E0F0218}.Net45 Debug|Any CPU.Build.0 = Debug|Any CPU
		{CADB01DA-C6D3-4439-9AE2-5BDE8E0F0218}.Net45|Any CPU.ActiveCfg = Release|Any CPU
		{CADB01DA-C6D3-4439-9AE2-5BDE8E0F0218}.Net45|Any CPU.Build.0 = Release|Any CPU
		{CADB01DA-C6D3-4439-9AE2-5BDE8E0F0218}.Net451 Debug|Any CPU.ActiveCfg = Debug|Any CPU
		{CADB01DA-C6D3-4439-9AE2-5BDE8E0F0218}.Net451 Debug|Any CPU.Build.0 = Debug|Any CPU
		{CADB01DA-C6D3-4439-9AE2-5BDE8E0F0218}.Net451|Any CPU.ActiveCfg = Release|Any CPU
		{CADB01DA-C6D3-4439-9AE2-5BDE8E0F0218}.Net451|Any CPU.Build.0 = Release|Any CPU
		{CADB01DA-C6D3-4439-9AE2-5BDE8E0F0218}.Release|Any CPU.ActiveCfg = Release|Any CPU
		{CADB01DA-C6D3-4439-9AE2-5BDE8E0F0218}.Release|Any CPU.Build.0 = Release|Any CPU
		{5D1006A0-88F0-46AC-AA1B-D3102A4C3F24}.Debug|Any CPU.ActiveCfg = Debug|Any CPU
		{5D1006A0-88F0-46AC-AA1B-D3102A4C3F24}.Debug|Any CPU.Build.0 = Debug|Any CPU
		{5D1006A0-88F0-46AC-AA1B-D3102A4C3F24}.Net35 Debug|Any CPU.ActiveCfg = Debug|Any CPU
		{5D1006A0-88F0-46AC-AA1B-D3102A4C3F24}.Net35 Debug|Any CPU.Build.0 = Debug|Any CPU
		{5D1006A0-88F0-46AC-AA1B-D3102A4C3F24}.Net35|Any CPU.ActiveCfg = Release|Any CPU
		{5D1006A0-88F0-46AC-AA1B-D3102A4C3F24}.Net35|Any CPU.Build.0 = Release|Any CPU
		{5D1006A0-88F0-46AC-AA1B-D3102A4C3F24}.Net40 Debug|Any CPU.ActiveCfg = Debug|Any CPU
		{5D1006A0-88F0-46AC-AA1B-D3102A4C3F24}.Net40 Debug|Any CPU.Build.0 = Debug|Any CPU
		{5D1006A0-88F0-46AC-AA1B-D3102A4C3F24}.Net40|Any CPU.ActiveCfg = Release|Any CPU
		{5D1006A0-88F0-46AC-AA1B-D3102A4C3F24}.Net40|Any CPU.Build.0 = Release|Any CPU
		{5D1006A0-88F0-46AC-AA1B-D3102A4C3F24}.Net45 Debug|Any CPU.ActiveCfg = Debug|Any CPU
		{5D1006A0-88F0-46AC-AA1B-D3102A4C3F24}.Net45 Debug|Any CPU.Build.0 = Debug|Any CPU
		{5D1006A0-88F0-46AC-AA1B-D3102A4C3F24}.Net45|Any CPU.ActiveCfg = Release|Any CPU
		{5D1006A0-88F0-46AC-AA1B-D3102A4C3F24}.Net45|Any CPU.Build.0 = Release|Any CPU
		{5D1006A0-88F0-46AC-AA1B-D3102A4C3F24}.Net451 Debug|Any CPU.ActiveCfg = Debug|Any CPU
		{5D1006A0-88F0-46AC-AA1B-D3102A4C3F24}.Net451 Debug|Any CPU.Build.0 = Debug|Any CPU
		{5D1006A0-88F0-46AC-AA1B-D3102A4C3F24}.Net451|Any CPU.ActiveCfg = Release|Any CPU
		{5D1006A0-88F0-46AC-AA1B-D3102A4C3F24}.Net451|Any CPU.Build.0 = Release|Any CPU
		{5D1006A0-88F0-46AC-AA1B-D3102A4C3F24}.Release|Any CPU.ActiveCfg = Release|Any CPU
		{5D1006A0-88F0-46AC-AA1B-D3102A4C3F24}.Release|Any CPU.Build.0 = Release|Any CPU
		{02E3C387-027B-4449-A990-44A4C50008E1}.Debug|Any CPU.ActiveCfg = Debug|Any CPU
		{02E3C387-027B-4449-A990-44A4C50008E1}.Debug|Any CPU.Build.0 = Debug|Any CPU
		{02E3C387-027B-4449-A990-44A4C50008E1}.Net35 Debug|Any CPU.ActiveCfg = Debug|Any CPU
		{02E3C387-027B-4449-A990-44A4C50008E1}.Net35 Debug|Any CPU.Build.0 = Debug|Any CPU
		{02E3C387-027B-4449-A990-44A4C50008E1}.Net35|Any CPU.ActiveCfg = Release|Any CPU
		{02E3C387-027B-4449-A990-44A4C50008E1}.Net35|Any CPU.Build.0 = Release|Any CPU
		{02E3C387-027B-4449-A990-44A4C50008E1}.Net40 Debug|Any CPU.ActiveCfg = Debug|Any CPU
		{02E3C387-027B-4449-A990-44A4C50008E1}.Net40 Debug|Any CPU.Build.0 = Debug|Any CPU
		{02E3C387-027B-4449-A990-44A4C50008E1}.Net40|Any CPU.ActiveCfg = Release|Any CPU
		{02E3C387-027B-4449-A990-44A4C50008E1}.Net40|Any CPU.Build.0 = Release|Any CPU
		{02E3C387-027B-4449-A990-44A4C50008E1}.Net45 Debug|Any CPU.ActiveCfg = Debug|Any CPU
		{02E3C387-027B-4449-A990-44A4C50008E1}.Net45 Debug|Any CPU.Build.0 = Debug|Any CPU
		{02E3C387-027B-4449-A990-44A4C50008E1}.Net45|Any CPU.ActiveCfg = Release|Any CPU
		{02E3C387-027B-4449-A990-44A4C50008E1}.Net45|Any CPU.Build.0 = Release|Any CPU
		{02E3C387-027B-4449-A990-44A4C50008E1}.Net451 Debug|Any CPU.ActiveCfg = Debug|Any CPU
		{02E3C387-027B-4449-A990-44A4C50008E1}.Net451 Debug|Any CPU.Build.0 = Debug|Any CPU
		{02E3C387-027B-4449-A990-44A4C50008E1}.Net451|Any CPU.ActiveCfg = Release|Any CPU
		{02E3C387-027B-4449-A990-44A4C50008E1}.Net451|Any CPU.Build.0 = Release|Any CPU
		{02E3C387-027B-4449-A990-44A4C50008E1}.Release|Any CPU.ActiveCfg = Release|Any CPU
		{02E3C387-027B-4449-A990-44A4C50008E1}.Release|Any CPU.Build.0 = Release|Any CPU
		{0C633712-00C7-4AF2-B32F-4890387319C0}.Debug|Any CPU.ActiveCfg = Debug|Any CPU
		{0C633712-00C7-4AF2-B32F-4890387319C0}.Debug|Any CPU.Build.0 = Debug|Any CPU
		{0C633712-00C7-4AF2-B32F-4890387319C0}.Net35 Debug|Any CPU.ActiveCfg = Debug|Any CPU
		{0C633712-00C7-4AF2-B32F-4890387319C0}.Net35 Debug|Any CPU.Build.0 = Debug|Any CPU
		{0C633712-00C7-4AF2-B32F-4890387319C0}.Net35|Any CPU.ActiveCfg = Release|Any CPU
		{0C633712-00C7-4AF2-B32F-4890387319C0}.Net35|Any CPU.Build.0 = Release|Any CPU
		{0C633712-00C7-4AF2-B32F-4890387319C0}.Net40 Debug|Any CPU.ActiveCfg = Debug|Any CPU
		{0C633712-00C7-4AF2-B32F-4890387319C0}.Net40 Debug|Any CPU.Build.0 = Debug|Any CPU
		{0C633712-00C7-4AF2-B32F-4890387319C0}.Net40|Any CPU.ActiveCfg = Release|Any CPU
		{0C633712-00C7-4AF2-B32F-4890387319C0}.Net40|Any CPU.Build.0 = Release|Any CPU
		{0C633712-00C7-4AF2-B32F-4890387319C0}.Net45 Debug|Any CPU.ActiveCfg = Debug|Any CPU
		{0C633712-00C7-4AF2-B32F-4890387319C0}.Net45 Debug|Any CPU.Build.0 = Debug|Any CPU
		{0C633712-00C7-4AF2-B32F-4890387319C0}.Net45|Any CPU.ActiveCfg = Release|Any CPU
		{0C633712-00C7-4AF2-B32F-4890387319C0}.Net45|Any CPU.Build.0 = Release|Any CPU
		{0C633712-00C7-4AF2-B32F-4890387319C0}.Net451 Debug|Any CPU.ActiveCfg = Debug|Any CPU
		{0C633712-00C7-4AF2-B32F-4890387319C0}.Net451 Debug|Any CPU.Build.0 = Debug|Any CPU
		{0C633712-00C7-4AF2-B32F-4890387319C0}.Net451|Any CPU.ActiveCfg = Release|Any CPU
		{0C633712-00C7-4AF2-B32F-4890387319C0}.Net451|Any CPU.Build.0 = Release|Any CPU
		{0C633712-00C7-4AF2-B32F-4890387319C0}.Release|Any CPU.ActiveCfg = Release|Any CPU
		{0C633712-00C7-4AF2-B32F-4890387319C0}.Release|Any CPU.Build.0 = Release|Any CPU
		{A1D75891-C20F-46A8-91CD-815C774CB300}.Debug|Any CPU.ActiveCfg = Debug|Any CPU
		{A1D75891-C20F-46A8-91CD-815C774CB300}.Debug|Any CPU.Build.0 = Debug|Any CPU
		{A1D75891-C20F-46A8-91CD-815C774CB300}.Net35 Debug|Any CPU.ActiveCfg = Debug|Any CPU
		{A1D75891-C20F-46A8-91CD-815C774CB300}.Net35 Debug|Any CPU.Build.0 = Debug|Any CPU
		{A1D75891-C20F-46A8-91CD-815C774CB300}.Net35|Any CPU.ActiveCfg = Release|Any CPU
		{A1D75891-C20F-46A8-91CD-815C774CB300}.Net35|Any CPU.Build.0 = Release|Any CPU
		{A1D75891-C20F-46A8-91CD-815C774CB300}.Net40 Debug|Any CPU.ActiveCfg = Debug|Any CPU
		{A1D75891-C20F-46A8-91CD-815C774CB300}.Net40 Debug|Any CPU.Build.0 = Debug|Any CPU
		{A1D75891-C20F-46A8-91CD-815C774CB300}.Net40|Any CPU.ActiveCfg = Release|Any CPU
		{A1D75891-C20F-46A8-91CD-815C774CB300}.Net40|Any CPU.Build.0 = Release|Any CPU
		{A1D75891-C20F-46A8-91CD-815C774CB300}.Net45 Debug|Any CPU.ActiveCfg = Debug|Any CPU
		{A1D75891-C20F-46A8-91CD-815C774CB300}.Net45 Debug|Any CPU.Build.0 = Debug|Any CPU
		{A1D75891-C20F-46A8-91CD-815C774CB300}.Net45|Any CPU.ActiveCfg = Release|Any CPU
		{A1D75891-C20F-46A8-91CD-815C774CB300}.Net45|Any CPU.Build.0 = Release|Any CPU
		{A1D75891-C20F-46A8-91CD-815C774CB300}.Net451 Debug|Any CPU.ActiveCfg = Debug|Any CPU
		{A1D75891-C20F-46A8-91CD-815C774CB300}.Net451 Debug|Any CPU.Build.0 = Debug|Any CPU
		{A1D75891-C20F-46A8-91CD-815C774CB300}.Net451|Any CPU.ActiveCfg = Release|Any CPU
		{A1D75891-C20F-46A8-91CD-815C774CB300}.Net451|Any CPU.Build.0 = Release|Any CPU
		{A1D75891-C20F-46A8-91CD-815C774CB300}.Release|Any CPU.ActiveCfg = Release|Any CPU
		{A1D75891-C20F-46A8-91CD-815C774CB300}.Release|Any CPU.Build.0 = Release|Any CPU
	EndGlobalSection
	GlobalSection(SolutionProperties) = preSolution
		HideSolutionNode = FALSE
	EndGlobalSection
EndGlobal
